
Microsoft Visual Studio Solution File, Format Version 12.00
# Visual Studio 14
VisualStudioVersion = 14.0.25420.1
MinimumVisualStudioVersion = 10.0.40219.1
Project("{FAE04EC0-301F-11D3-BF4B-00C04F79EFBC}") = "MusicPlayer", "MusicPlayer\MusicPlayer.csproj", "{CE579466-3558-4B13-A087-3DFAB42ADB91}"
EndProject
Project("{2150E333-8FDC-42A3-9474-1A3956D46DE8}") = "Solution Items", "Solution Items", "{D38A4709-4E7E-450D-94A5-443A8632D3E8}"
	ProjectSection(SolutionItems) = preProject
		MusicPlayer\Images\speaker_louder_32.png = MusicPlayer\Images\speaker_louder_32.png
	EndProjectSection
EndProject
Global
	GlobalSection(SolutionConfigurationPlatforms) = preSolution
		Debug|Any CPU = Debug|Any CPU
		Release|Any CPU = Release|Any CPU
	EndGlobalSection
	GlobalSection(ProjectConfigurationPlatforms) = postSolution
		{CE579466-3558-4B13-A087-3DFAB42ADB91}.Debug|Any CPU.ActiveCfg = Debug|Any CPU
		{CE579466-3558-4B13-A087-3DFAB42ADB91}.Debug|Any CPU.Build.0 = Debug|Any CPU
		{CE579466-3558-4B13-A087-3DFAB42ADB91}.Release|Any CPU.ActiveCfg = Release|Any CPU
		{CE579466-3558-4B13-A087-3DFAB42ADB91}.Release|Any CPU.Build.0 = Release|Any CPU
	EndGlobalSection
	GlobalSection(SolutionProperties) = preSolution
		HideSolutionNode = FALSE
	EndGlobalSection
EndGlobal
